Microsoft Visual Studio Solution File, Format Version 12.00
# Visual Studio Version 17
VisualStudioVersion = 17.5.2.0
MinimumVisualStudioVersion = 10.0.40219.1
Project("{FAE04EC0-301F-11D3-BF4B-00C04F79EFBC}") = "ConsoleApps", "ConsoleApps.csproj", "{1E1AB002-6717-9183-5D27-5B3EA8C37962}"
EndProject
Global
	GlobalSection(SolutionConfigurationPlatforms) = preSolution
		Debug|Any CPU = Debug|Any CPU
		Release|Any CPU = Release|Any CPU
	EndGlobalSection
	GlobalSection(ProjectConfigurationPlatforms) = postSolution
		{1E1AB002-6717-9183-5D27-5B3EA8C37962}.Debug|Any CPU.ActiveCfg = Debug|Any CPU
		{1E1AB002-6717-9183-5D27-5B3EA8C37962}.Debug|Any CPU.Build.0 = Debug|Any CPU
		{1E1AB002-6717-9183-5D27-5B3EA8C37962}.Release|Any CPU.ActiveCfg = Release|Any CPU
		{1E1AB002-6717-9183-5D27-5B3EA8C37962}.Release|Any CPU.Build.0 = Release|Any CPU
	EndGlobalSection
	GlobalSection(SolutionProperties) = preSolution
		HideSolutionNode = FALSE
	EndGlobalSection
	GlobalSection(ExtensibilityGlobals) = postSolution
		SolutionGuid = {2BD7C469-2462-4CE2-A780-EE1C2F5F7812}
	EndGlobalSection
EndGlobal
